Microsoft Visual Studio Solution File, Format Version 11.00
# Visual Studio 2008

Project("{951D1600-2E67-CEB2-7CF7-F7D68EC6F180}") = "ProceduralWaterSurfaceUnityProject", "Assembly-CSharp.csproj", "{8712CB33-26AD-5CBA-5628-5BAB037596DB}"
EndProject
Global
	GlobalSection(SolutionConfigurationPlatforms) = preSolution
		Debug|Any CPU = Debug|Any CPU
		Release|Any CPU = Release|Any CPU
	EndGlobalSection
	GlobalSection(ProjectConfigurationPlatforms) = postSolution
		{8712CB33-26AD-5CBA-5628-5BAB037596DB}.Debug|Any CPU.ActiveCfg = Debug|Any CPU
		{8712CB33-26AD-5CBA-5628-5BAB037596DB}.Debug|Any CPU.Build.0 = Debug|Any CPU
		{8712CB33-26AD-5CBA-5628-5BAB037596DB}.Release|Any CPU.ActiveCfg = Release|Any CPU
		{8712CB33-26AD-5CBA-5628-5BAB037596DB}.Release|Any CPU.Build.0 = Release|Any CPU
	EndGlobalSection
	GlobalSection(SolutionProperties) = preSolution
		HideSolutionNode = FALSE
	EndGlobalSection
	GlobalSection(MonoDevelopProperties) = preSolution
		StartupItem = Assembly-CSharp.csproj
	EndGlobalSection
EndGlobal
