Microsoft Visual Studio Solution File, Format Version 11.00
# Visual Studio 2008

Project("{7430FD5A-AAB5-1F16-3258-AADC68D19771}") = "waterProject", "Assembly-CSharp.csproj", "{6FCDB645-BC59-FE81-7CD0-271FB2E03A48}"
EndProject
Global
	GlobalSection(SolutionConfigurationPlatforms) = preSolution
		Debug|Any CPU = Debug|Any CPU
		Release|Any CPU = Release|Any CPU
	EndGlobalSection
	GlobalSection(ProjectConfigurationPlatforms) = postSolution
		{6FCDB645-BC59-FE81-7CD0-271FB2E03A48}.Debug|Any CPU.ActiveCfg = Debug|Any CPU
		{6FCDB645-BC59-FE81-7CD0-271FB2E03A48}.Debug|Any CPU.Build.0 = Debug|Any CPU
		{6FCDB645-BC59-FE81-7CD0-271FB2E03A48}.Release|Any CPU.ActiveCfg = Release|Any CPU
		{6FCDB645-BC59-FE81-7CD0-271FB2E03A48}.Release|Any CPU.Build.0 = Release|Any CPU
	EndGlobalSection
	GlobalSection(SolutionProperties) = preSolution
		HideSolutionNode = FALSE
	EndGlobalSection
	GlobalSection(MonoDevelopProperties) = preSolution
		StartupItem = Assembly-CSharp.csproj
	EndGlobalSection
EndGlobal
